
Microsoft Visual Studio Solution File, Format Version 12.00
# Visual Studio 15
Project("{FAE04EC0-301F-11D3-BF4B-00C04F79EFBC}") = "Nike.Android", "Nike.Android\Nike.Android.csproj", "{64A8C897-3299-41D3-B238-FF48C06C5372}"
EndProject
Project("{FAE04EC0-301F-11D3-BF4B-00C04F79EFBC}") = "Nike.iOS", "Nike.iOS\Nike.iOS.csproj", "{57C1A45A-5393-4964-8ED0-B9B3F62114B6}"
EndProject
Project("{FAE04EC0-301F-11D3-BF4B-00C04F79EFBC}") = "Nike", "Nike\Nike.csproj", "{16BD5684-05D8-44AC-BCDE-F691AF4FB959}"
EndProject
Global
	GlobalSection(SolutionConfigurationPlatforms) = preSolution
		Debug|Any CPU = Debug|Any CPU
		Release|Any CPU = Release|Any CPU
		Debug|iPhoneSimulator = Debug|iPhoneSimulator
		Release|iPhoneSimulator = Release|iPhoneSimulator
		Debug|iPhone = Debug|iPhone
		Release|iPhone = Release|iPhone
	EndGlobalSection
	GlobalSection(ProjectConfigurationPlatforms) = postSolution
		{64A8C897-3299-41D3-B238-FF48C06C5372}.Debug|Any CPU.ActiveCfg = Debug|Any CPU
		{64A8C897-3299-41D3-B238-FF48C06C5372}.Debug|Any CPU.Build.0 = Debug|Any CPU
		{64A8C897-3299-41D3-B238-FF48C06C5372}.Release|Any CPU.ActiveCfg = Release|Any CPU
		{64A8C897-3299-41D3-B238-FF48C06C5372}.Release|Any CPU.Build.0 = Release|Any CPU
		{64A8C897-3299-41D3-B238-FF48C06C5372}.Debug|iPhoneSimulator.ActiveCfg = Debug|Any CPU
		{64A8C897-3299-41D3-B238-FF48C06C5372}.Debug|iPhoneSimulator.Build.0 = Debug|Any CPU
		{64A8C897-3299-41D3-B238-FF48C06C5372}.Release|iPhoneSimulator.ActiveCfg = Release|Any CPU
		{64A8C897-3299-41D3-B238-FF48C06C5372}.Release|iPhoneSimulator.Build.0 = Release|Any CPU
		{64A8C897-3299-41D3-B238-FF48C06C5372}.Debug|iPhone.ActiveCfg = Debug|Any CPU
		{64A8C897-3299-41D3-B238-FF48C06C5372}.Debug|iPhone.Build.0 = Debug|Any CPU
		{64A8C897-3299-41D3-B238-FF48C06C5372}.Release|iPhone.ActiveCfg = Release|Any CPU
		{64A8C897-3299-41D3-B238-FF48C06C5372}.Release|iPhone.Build.0 = Release|Any CPU
		{57C1A45A-5393-4964-8ED0-B9B3F62114B6}.Debug|Any CPU.ActiveCfg = Debug|iPhoneSimulator
		{57C1A45A-5393-4964-8ED0-B9B3F62114B6}.Debug|Any CPU.Build.0 = Debug|iPhoneSimulator
		{57C1A45A-5393-4964-8ED0-B9B3F62114B6}.Release|Any CPU.ActiveCfg = Release|iPhoneSimulator
		{57C1A45A-5393-4964-8ED0-B9B3F62114B6}.Release|Any CPU.Build.0 = Release|iPhoneSimulator
		{57C1A45A-5393-4964-8ED0-B9B3F62114B6}.Debug|iPhoneSimulator.ActiveCfg = Debug|iPhoneSimulator
		{57C1A45A-5393-4964-8ED0-B9B3F62114B6}.Debug|iPhoneSimulator.Build.0 = Debug|iPhoneSimulator
		{57C1A45A-5393-4964-8ED0-B9B3F62114B6}.Release|iPhoneSimulator.ActiveCfg = Release|iPhoneSimulator
		{57C1A45A-5393-4964-8ED0-B9B3F62114B6}.Release|iPhoneSimulator.Build.0 = Release|iPhoneSimulator
		{57C1A45A-5393-4964-8ED0-B9B3F62114B6}.Debug|iPhone.ActiveCfg = Debug|iPhone
		{57C1A45A-5393-4964-8ED0-B9B3F62114B6}.Debug|iPhone.Build.0 = Debug|iPhone
		{57C1A45A-5393-4964-8ED0-B9B3F62114B6}.Release|iPhone.ActiveCfg = Release|iPhone
		{57C1A45A-5393-4964-8ED0-B9B3F62114B6}.Release|iPhone.Build.0 = Release|iPhone
		{16BD5684-05D8-44AC-BCDE-F691AF4FB959}.Debug|Any CPU.ActiveCfg = Debug|Any CPU
		{16BD5684-05D8-44AC-BCDE-F691AF4FB959}.Debug|Any CPU.Build.0 = Debug|Any CPU
		{16BD5684-05D8-44AC-BCDE-F691AF4FB959}.Release|Any CPU.ActiveCfg = Release|Any CPU
		{16BD5684-05D8-44AC-BCDE-F691AF4FB959}.Release|Any CPU.Build.0 = Release|Any CPU
		{16BD5684-05D8-44AC-BCDE-F691AF4FB959}.Debug|iPhoneSimulator.ActiveCfg = Debug|Any CPU
		{16BD5684-05D8-44AC-BCDE-F691AF4FB959}.Debug|iPhoneSimulator.Build.0 = Debug|Any CPU
		{16BD5684-05D8-44AC-BCDE-F691AF4FB959}.Release|iPhoneSimulator.ActiveCfg = Release|Any CPU
		{16BD5684-05D8-44AC-BCDE-F691AF4FB959}.Release|iPhoneSimulator.Build.0 = Release|Any CPU
		{16BD5684-05D8-44AC-BCDE-F691AF4FB959}.Debug|iPhone.ActiveCfg = Debug|Any CPU
		{16BD5684-05D8-44AC-BCDE-F691AF4FB959}.Debug|iPhone.Build.0 = Debug|Any CPU
		{16BD5684-05D8-44AC-BCDE-F691AF4FB959}.Release|iPhone.ActiveCfg = Release|Any CPU
		{16BD5684-05D8-44AC-BCDE-F691AF4FB959}.Release|iPhone.Build.0 = Release|Any CPU
	EndGlobalSection
EndGlobal
